
Microsoft Visual Studio Solution File, Format Version 12.00
# Visual Studio 15
VisualStudioVersion = 15.0.28307.136
MinimumVisualStudioVersion = 10.0.40219.1
Project("{8BC9CEB8-8B4A-11D0-8D11-00A0C91BC942}") = "hapticTestbedControl", "hapticTestbedControl\hapticTestbedControl.vcxproj", "{F29CFF11-5A23-4944-BF48-BD9ABCD3F324}"
EndProject
Global
	GlobalSection(SolutionConfigurationPlatforms) = preSolution
		Debug|x64 = Debug|x64
		Debug|x86 = Debug|x86
		Release|x64 = Release|x64
		Release|x86 = Release|x86
	EndGlobalSection
	GlobalSection(ProjectConfigurationPlatforms) = postSolution
		{F29CFF11-5A23-4944-BF48-BD9ABCD3F324}.Debug|x64.ActiveCfg = Debug|x64
		{F29CFF11-5A23-4944-BF48-BD9ABCD3F324}.Debug|x64.Build.0 = Debug|x64
		{F29CFF11-5A23-4944-BF48-BD9ABCD3F324}.Debug|x86.ActiveCfg = Debug|Win32
		{F29CFF11-5A23-4944-BF48-BD9ABCD3F324}.Debug|x86.Build.0 = Debug|Win32
		{F29CFF11-5A23-4944-BF48-BD9ABCD3F324}.Release|x64.ActiveCfg = Release|x64
		{F29CFF11-5A23-4944-BF48-BD9ABCD3F324}.Release|x64.Build.0 = Release|x64
		{F29CFF11-5A23-4944-BF48-BD9ABCD3F324}.Release|x86.ActiveCfg = Release|Win32
		{F29CFF11-5A23-4944-BF48-BD9ABCD3F324}.Release|x86.Build.0 = Release|Win32
	EndGlobalSection
	GlobalSection(SolutionProperties) = preSolution
		HideSolutionNode = FALSE
	EndGlobalSection
	GlobalSection(ExtensibilityGlobals) = postSolution
		SolutionGuid = {5FD2902F-BFCB-4EF7-8BBE-581AD1E96FCB}
	EndGlobalSection
EndGlobal
